hash: e0585344112b97afd83bdd6733cc1162fe82b81d58f637ab489e054cc5c524a5
updated: 2018-01-16T23:55:25.566568+09:00
imports:
- name: github.com/jessevdk/go-flags
  version: 96dc06278ce32a0e9d957d590bb987c81ee66407
- name: golang.org/x/crypto
  version: bed12803fa9663d7aa2c2346b0c634ad2dcd43b7
  subpackages:
  - ssh/terminal
- name: golang.org/x/sys
  version: 7a6e5648d140666db5d920909e082ca00a87ba2c
  subpackages:
  - unix
testImports: []
