github.com/jessevdk/go-flags v1.3.0 h1:QmKsgik/Z5fJ11ZtlcA8F+XW9dNybBNFQ1rngF3MmdU=
github.com/jessevdk/go-flags v1.3.0/go.mod h1:4FA24M0QyGHXBuZZK/XkWh8h0e1EYbRYJSGM75WSRxI=
github.com/jteeuwen/go-bindata v3.0.7+incompatible h1:91Uy4d9SYVr1kyTJ15wJsog+esAZZl7JmEfTkwmhJts=
github.com/jteeuwen/go-bindata v3.0.7+incompatible/go.mod h1:JVvhzYOiGBnFSYRyV00iY8q7/0PThjIYav1p9h5dmKs=
golang.org/x/crypto v0.0.0-20170202201058-bed12803fa96 h1:wszq1jlNwkJcdZ05G3gpSdgYKTHwHCorxTZTG88nXN4=
golang.org/x/crypto v0.0.0-20170202201058-bed12803fa96/go.mod h1:6SG95UA2DQfeDnfUPMdvaQW0Q7yPrPDi9nlGo2tz2b4=
golang.org/x/sys v0.0.0-20170201051245-7a6e5648d140 h1:wxED/WNVMni7c0XHQ2hO7hXtwxskOTX5+iGd53LdZO0=
golang.org/x/sys v0.0.0-20170201051245-7a6e5648d140/go.mod h1:STP8DvDyc/dI5b8T5hshtkjS+E42TnysNCUPdjciGhY=
